{
  "version": 4,
  "terraform_version": "1.6.6",
  "serial": 15,
  "lineage": "0d74e8b2-8df4-6d91-c348-06e5961e7f0b",
  "outputs": {},
  "resources": [
    {
      "mode": "data",
      "type": "google_container_engine_versions",
      "name": "gke_version",
      "provider": "provider[\"registry.terraform.io/hashicorp/google\"]",
      "instances": [
        {
          "schema_version": 0,
          "attributes": {
            "default_cluster_version": "1.27.3-gke.100",
            "id": "2023-12-20 16:32:35.7360694 +0000 UTC",
            "latest_master_version": "1.27.8-gke.1067000",
            "latest_node_version": "1.27.8-gke.1067000",
            "location": "asia-southeast1-b",
            "project": null,
            "release_channel_default_version": {
              "RAPID": "1.28.3-gke.1203001",
              "REGULAR": "1.27.3-gke.100",
              "STABLE": "1.27.3-gke.100"
            },
            "release_channel_latest_version": {
              "RAPID": "1.27.8-gke.1067000",
              "REGULAR": "1.27.7-gke.1121000",
              "STABLE": "1.27.5-gke.200"
            },
            "valid_master_versions": [
              "1.27.8-gke.1067000",
              "1.27.7-gke.1293000",
              "1.27.7-gke.1121000",
              "1.27.7-gke.1056000",
              "1.27.5-gke.200",
              "1.27.4-gke.900",
              "1.27.3-gke.100",
              "1.27.2-gke.1200"
            ],
            "valid_node_versions": [
              "1.27.8-gke.1067000",
              "1.27.7-gke.1293000",
              "1.27.7-gke.1121000",
              "1.27.7-gke.1088000",
              "1.27.7-gke.1056000",
              "1.27.7-gke.1038000",
              "1.27.6-gke.1506000",
              "1.27.6-gke.1445000",
              "1.27.6-gke.1248000",
              "1.27.5-gke.200",
              "1.27.4-gke.900",
              "1.27.3-gke.1700",
              "1.27.3-gke.100",
              "1.27.2-gke.2100",
              "1.27.2-gke.1200"
            ],
            "version_prefix": "1.27."
          },
          "sensitive_attributes": []
        }
      ]
    },
    {
      "mode": "managed",
      "type": "google_compute_network",
      "name": "vpc",
      "provider": "provider[\"registry.terraform.io/hashicorp/google\"]",
      "instances": [
        {
          "schema_version": 0,
          "attributes": {
            "auto_create_subnetworks": false,
            "delete_default_routes_on_create": false,
            "description": "",
            "enable_ula_internal_ipv6": false,
            "gateway_ipv4": "",
            "id": "projects/pnguyen/global/networks/pnguyen-vpc",
            "internal_ipv6_range": "",
            "mtu": 0,
            "name": "pnguyen-vpc",
            "network_firewall_policy_enforcement_order": "AFTER_CLASSIC_FIREWALL",
            "project": "pnguyen",
            "routing_mode": "REGIONAL",
            "self_link": "https://www.googleapis.com/compute/v1/projects/pnguyen/global/networks/pnguyen-vpc",
            "timeouts": null
          },
          "sensitive_attributes": [],
          "private": "eyJlMmJmYjczMC1lY2FhLTExZTYtOGY4OC0zNDM2M2JjN2M0YzAiOnsiY3JlYXRlIjoxMjAwMDAwMDAwMDAwLCJkZWxldGUiOjEyMDAwMDAwMDAwMDAsInVwZGF0ZSI6MTIwMDAwMDAwMDAwMH19"
        }
      ]
    },
    {
      "mode": "managed",
      "type": "google_compute_subnetwork",
      "name": "subnet",
      "provider": "provider[\"registry.terraform.io/hashicorp/google\"]",
      "instances": [
        {
          "schema_version": 0,
          "attributes": {
            "creation_timestamp": "2023-12-20T08:16:30.312-08:00",
            "description": "",
            "external_ipv6_prefix": "",
            "fingerprint": null,
            "gateway_address": "10.10.0.1",
            "id": "projects/pnguyen/regions/asia-southeast1/subnetworks/pnguyen-subnet",
            "ip_cidr_range": "10.10.0.0/24",
            "ipv6_access_type": "",
            "ipv6_cidr_range": "",
            "log_config": [],
            "name": "pnguyen-subnet",
            "network": "https://www.googleapis.com/compute/v1/projects/pnguyen/global/networks/pnguyen-vpc",
            "private_ip_google_access": true,
            "private_ipv6_google_access": "DISABLE_GOOGLE_ACCESS",
            "project": "pnguyen",
            "purpose": "PRIVATE",
            "region": "asia-southeast1",
            "role": "",
            "secondary_ip_range": [],
            "self_link": "https://www.googleapis.com/compute/v1/projects/pnguyen/regions/asia-southeast1/subnetworks/pnguyen-subnet",
            "stack_type": "IPV4_ONLY",
            "timeouts": null
          },
          "sensitive_attributes": [],
          "private": "eyJlMmJmYjczMC1lY2FhLTExZTYtOGY4OC0zNDM2M2JjN2M0YzAiOnsiY3JlYXRlIjoxMjAwMDAwMDAwMDAwLCJkZWxldGUiOjEyMDAwMDAwMDAwMDAsInVwZGF0ZSI6MTIwMDAwMDAwMDAwMH19",
          "dependencies": [
            "google_compute_network.vpc"
          ]
        }
      ]
    },
    {
      "mode": "managed",
      "type": "google_container_cluster",
      "name": "primary",
      "provider": "provider[\"registry.terraform.io/hashicorp/google\"]",
      "instances": [
        {
          "schema_version": 1,
          "attributes": {
            "addons_config": [
              {
                "cloudrun_config": [],
                "config_connector_config": [],
                "dns_cache_config": [],
                "gce_persistent_disk_csi_driver_config": [
                  {
                    "enabled": true
                  }
                ],
                "gcp_filestore_csi_driver_config": [],
                "gke_backup_agent_config": [],
                "horizontal_pod_autoscaling": [],
                "http_load_balancing": [],
                "network_policy_config": [
                  {
                    "disabled": true
                  }
                ]
              }
            ],
            "authenticator_groups_config": [],
            "binary_authorization": [
              {
                "enabled": false,
                "evaluation_mode": ""
              }
            ],
            "cluster_autoscaling": [
              {
                "auto_provisioning_defaults": [],
                "enabled": false,
                "resource_limits": []
              }
            ],
            "cluster_ipv4_cidr": "10.216.0.0/14",
            "confidential_nodes": [],
            "cost_management_config": [],
            "database_encryption": [
              {
                "key_name": "",
                "state": "DECRYPTED"
              }
            ],
            "datapath_provider": "",
            "default_max_pods_per_node": null,
            "default_snat_status": [
              {
                "disabled": false
              }
            ],
            "description": "",
            "dns_config": [],
            "enable_autopilot": false,
            "enable_binary_authorization": false,
            "enable_intranode_visibility": false,
            "enable_kubernetes_alpha": false,
            "enable_l4_ilb_subsetting": false,
            "enable_legacy_abac": false,
            "enable_shielded_nodes": true,
            "enable_tpu": false,
            "endpoint": "34.87.179.34",
            "gateway_api_config": [],
            "id": "projects/pnguyen/locations/asia-southeast1-b/clusters/pnguyen-cluster",
            "initial_node_count": 1,
            "ip_allocation_policy": [],
            "label_fingerprint": "a9dc16a7",
            "location": "asia-southeast1-b",
            "logging_config": [
              {
                "enable_components": [
                  "SYSTEM_COMPONENTS",
                  "WORKLOADS"
                ]
              }
            ],
            "logging_service": "logging.googleapis.com/kubernetes",
            "maintenance_policy": [],
            "master_auth": [
              {
                "client_certificate": "",
                "client_certificate_config": [
                  {
                    "issue_client_certificate": false
                  }
                ],
                "client_key": "",
                "cluster_ca_certificate": "LS0tLS1CRUdJTiBDRVJUSUZJQ0FURS0tLS0tCk1JSUVMRENDQXBTZ0F3SUJBZ0lRQS8veFk2VUwwdVlQOGJocFlyU1krekFOQmdrcWhraUc5dzBCQVFzRkFEQXYKTVMwd0t3WURWUVFERXlRd05qaGtZbVJpTVMxbE5tUTRMVFJsWlRBdFlUUXhaQzAzWVRGaU5HWmhNVFkyWVRVdwpJQmNOTWpNeE1qSXdNVFV4T1RRMVdoZ1BNakExTXpFeU1USXhOakU1TkRWYU1DOHhMVEFyQmdOVkJBTVRKREEyCk9HUmlaR0l4TFdVMlpEZ3ROR1ZsTUMxaE5ERmtMVGRoTVdJMFptRXhOalpoTlRDQ0FhSXdEUVlKS29aSWh2Y04KQVFFQkJRQURnZ0dQQURDQ0FZb0NnZ0dCQUorLy9XNTdCQjk4aDZzN1gwTWRwbmY1ZGhJbnRBMWdNZ1puWW5icApZdG5SZmpqeXNsNDM0RjRTYU55SnZzaHlIbFY3L0tsc0hjYm5UNmlnaElJako4RkRTLzJ1ZEZqWWg5dTBuaVg1ClNrVEcwbmlJai93bFRJTTA3RE52Y2g3NDIvUEY0SXppK0FkQ2w2a3RSRlBEd0RkZmlzT2N5b0t5U3RLbXhoZUEKWW0xK29TTENZT0dFWVp4Q0xmR2Y4REhBcmIzWFR2Q1FzaVFzcVNOME5oaHh3bVpjTk9PckwwRHBWQlU4RW9aWApsK3ZueXZpeklNemdFbGhpNUk5MFlSNkVEbFlYN2dsQXJPSmhnM0VTRk9kbUNRZUQzTjVYeGIyd1ZLMFcrVVRuCmZRWVFMRXJ5eTV4YktzQjdBWnBGMGVwZElmZjdmSXdmVWR0UTZqS0VQUVFFUVVONlIrZjB6ZlUycUVvL2tTUkQKM0dQbElNWk81eWZHM2o1VjJmeWVVRmtZZ0w0NnI0d09kaldtSno5MGtPZGVFcGxkZWNuWlRFblN3eWhqV3VNQgo0SDg0NWNQM0czVHN1c0ExM0hVd1ZwNVhLb3pXZWFJOU1tbVB6RnJKSUF2Y2FYRDJ6SDJZdTF2b2kyUFdZR3hDCnBPN2c3UkNSWTh2eGp6WnNmeDU5ZWYzMHdRSURBUUFCbzBJd1FEQU9CZ05WSFE4QkFmOEVCQU1DQWdRd0R3WUQKVlIwVEFRSC9CQVV3QXdFQi96QWRCZ05WSFE0RUZnUVVwVG1zRXo1Z3lnandmTldsSCsxbk9OMDBPK1V3RFFZSgpLb1pJaHZjTkFRRUxCUUFEZ2dHQkFILzVFNWV2R1RGei9TMS9ubXdlRDJYSm04aU5NbWd5a1lOeFJwYWhwc1I4CldWLzUzcGxJN0xKTlJ1RWRDM2ZMelp5WmVQdHVtRTJCeWJvUzJyVzRYbnlpL3dxRWNiQlB6YnhTeHNOOWlFNXUKU0JVdC9UeDZ1ZGNVY2JrU2VwV0pZeVFMWUl4YnNFeWgrZmwydzlEZFI5VXovM1ZqeUozb2ZrcmNuRkhSZ3NZQQp3NXJBWGtmUFFDV1c2QWZQa3VhOEk3ZzIvRkFlMG1nRUgyZmJzSnZEVDhJV2NiemE5djl0Q1hUY2dmbEpVTStYClJ6Z2RWRmJQZWNNaENkVWtVbzNHdU9DNXBZbUdMdHdjM3duY0Z6T1VkSXJGeU9sdWJIZmdvT2x3ZTlPSnRkclYKUVhDQWVHVXpCMXFDUytPY2tnK3IzNUtBSGYvZUtaS2ZEMUFQWXh4elVOT3d0b3RZRjVOTkVNVjVBN1BwOVVKQQptRDRMUG1GemlDaXFoT3ZTK3NxSnh4cUpMRWg4UFp6VENkbnpmZkRXRkVyWHFHT2NlTzNNdG1QanFDV0NBYkNPCk1TeHljTE1ZSnhtL2NMZWZQMGFBQVpvZ0pBTDl3MlVrMGRFTkc4WE5Pa3Y0dlVBRitxMjB3Z0MxQTRvRVk2NEQKS1dQTzVlZm9zWDkwZHh1TEsrMXNXQT09Ci0tLS0tRU5EIENFUlRJRklDQVRFLS0tLS0K"
              }
            ],
            "master_authorized_networks_config": [],
            "master_version": "1.27.3-gke.100",
            "mesh_certificates": [],
            "min_master_version": null,
            "monitoring_config": [
              {
                "enable_components": [
                  "SYSTEM_COMPONENTS"
                ],
                "managed_prometheus": [
                  {
                    "enabled": true
                  }
                ]
              }
            ],
            "monitoring_service": "monitoring.googleapis.com/kubernetes",
            "name": "pnguyen-cluster",
            "network": "projects/pnguyen/global/networks/pnguyen-vpc",
            "network_policy": [
              {
                "enabled": false,
                "provider": "PROVIDER_UNSPECIFIED"
              }
            ],
            "networking_mode": "ROUTES",
            "node_config": [],
            "node_locations": [],
            "node_pool": [],
            "node_pool_defaults": [
              {
                "node_config_defaults": [
                  {
                    "logging_variant": "DEFAULT"
                  }
                ]
              }
            ],
            "node_version": "1.27.3-gke.100",
            "notification_config": [
              {
                "pubsub": [
                  {
                    "enabled": false,
                    "filter": [],
                    "topic": ""
                  }
                ]
              }
            ],
            "operation": null,
            "private_cluster_config": [
              {
                "enable_private_endpoint": false,
                "enable_private_nodes": false,
                "master_global_access_config": [
                  {
                    "enabled": false
                  }
                ],
                "master_ipv4_cidr_block": "",
                "peering_name": "",
                "private_endpoint": "10.10.0.2",
                "private_endpoint_subnetwork": "",
                "public_endpoint": "34.87.179.34"
              }
            ],
            "private_ipv6_google_access": "",
            "project": "pnguyen",
            "release_channel": [
              {
                "channel": "REGULAR"
              }
            ],
            "remove_default_node_pool": true,
            "resource_labels": {},
            "resource_usage_export_config": [],
            "security_posture_config": [
              {
                "mode": "BASIC",
                "vulnerability_mode": "VULNERABILITY_MODE_UNSPECIFIED"
              }
            ],
            "self_link": "https://container.googleapis.com/v1/projects/pnguyen/zones/asia-southeast1-b/clusters/pnguyen-cluster",
            "service_external_ips_config": [
              {
                "enabled": false
              }
            ],
            "services_ipv4_cidr": "10.219.240.0/20",
            "subnetwork": "projects/pnguyen/regions/asia-southeast1/subnetworks/pnguyen-subnet",
            "timeouts": null,
            "tpu_ipv4_cidr_block": "",
            "vertical_pod_autoscaling": [],
            "workload_identity_config": []
          },
          "sensitive_attributes": [],
          "private": "eyJlMmJmYjczMC1lY2FhLTExZTYtOGY4OC0zNDM2M2JjN2M0YzAiOnsiY3JlYXRlIjoyNDAwMDAwMDAwMDAwLCJkZWxldGUiOjI0MDAwMDAwMDAwMDAsInJlYWQiOjI0MDAwMDAwMDAwMDAsInVwZGF0ZSI6MzYwMDAwMDAwMDAwMH0sInNjaGVtYV92ZXJzaW9uIjoiMSJ9",
          "dependencies": [
            "google_compute_network.vpc",
            "google_compute_subnetwork.subnet"
          ]
        }
      ]
    },
    {
      "mode": "managed",
      "type": "google_container_node_pool",
      "name": "primary_nodes",
      "provider": "provider[\"registry.terraform.io/hashicorp/google\"]",
      "instances": [
        {
          "status": "tainted",
          "schema_version": 1,
          "attributes": {
            "autoscaling": [],
            "cluster": "pnguyen-cluster",
            "id": "projects/pnguyen/locations/asia-southeast1/clusters/pnguyen-cluster/nodePools/pnguyen-cluster",
            "initial_node_count": null,
            "instance_group_urls": null,
            "location": "asia-southeast1",
            "managed_instance_group_urls": null,
            "management": null,
            "max_pods_per_node": null,
            "name": "pnguyen-cluster",
            "name_prefix": null,
            "network_config": null,
            "node_config": [
              {
                "advanced_machine_features": [],
                "boot_disk_kms_key": "",
                "disk_size_gb": 0,
                "disk_type": "",
                "ephemeral_storage_local_ssd_config": [],
                "gcfs_config": [],
                "guest_accelerator": [],
                "gvnic": [],
                "image_type": "",
                "kubelet_config": [],
                "labels": {
                  "env": "pnguyen"
                },
                "linux_node_config": [],
                "local_nvme_ssd_block_config": [],
                "local_ssd_count": 0,
                "logging_variant": "DEFAULT",
                "machine_type": "e2-small",
                "metadata": {
                  "disable-legacy-endpoints": "true"
                },
                "min_cpu_platform": "",
                "node_group": "",
                "oauth_scopes": [
                  "https://www.googleapis.com/auth/logging.write",
                  "https://www.googleapis.com/auth/monitoring"
                ],
                "preemptible": false,
                "reservation_affinity": [],
                "resource_labels": null,
                "service_account": "",
                "shielded_instance_config": [],
                "sole_tenant_config": [],
                "spot": false,
                "tags": [
                  "gke-node",
                  "pnguyen-gke"
                ],
                "taint": [],
                "workload_metadata_config": []
              }
            ],
            "node_count": 4,
            "node_locations": [],
            "operation": null,
            "placement_policy": [],
            "project": null,
            "timeouts": null,
            "upgrade_settings": null,
            "version": "1.27.5-gke.200"
          },
          "sensitive_attributes": [],
          "private": "eyJlMmJmYjczMC1lY2FhLTExZTYtOGY4OC0zNDM2M2JjN2M0YzAiOnsiY3JlYXRlIjoxODAwMDAwMDAwMDAwLCJkZWxldGUiOjE4MDAwMDAwMDAwMDAsInVwZGF0ZSI6MTgwMDAwMDAwMDAwMH0sInNjaGVtYV92ZXJzaW9uIjoiMSJ9",
          "dependencies": [
            "data.google_container_engine_versions.gke_version",
            "google_compute_network.vpc",
            "google_compute_subnetwork.subnet",
            "google_container_cluster.primary"
          ]
        }
      ]
    }
  ],
  "check_results": null
}
